// !$*UTF8*$!
{
	archiveVersion = 1;
	classes = {
	};
	objectVersion = 46;
	objects = {

/* Begin PBXBuildFile section */
		3EEE20931C06743600765BAC /* AppDelegate.swift in Sources */ = {isa = PBXBuildFile; fileRef = 3EEE20921C06743600765BAC /* AppDelegate.swift */; };
		3EEE20951C06743600765BAC /* ViewController.swift in Sources */ = {isa = PBXBuildFile; fileRef = 3EEE20941C06743600765BAC /* ViewController.swift */; };
		3EEE20981C06743600765BAC /* Main.storyboard in Resources */ = {isa = PBXBuildFile; fileRef = 3EEE20961C06743600765BAC /* Main.storyboard */; };
		3EEE209A1C06743600765BAC /* Assets.xcassets in Resources */ = {isa = PBXBuildFile; fileRef = 3EEE20991C06743600765BAC /* Assets.xcassets */; };
		3EEE209D1C06743600765BAC /* LaunchScreen.storyboard in Resources */ = {isa = PBXBuildFile; fileRef = 3EEE209B1C06743600765BAC /* LaunchScreen.storyboard */; };
		3EEE20A61C06DA9300765BAC /* furry.jpg in Resources */ = {isa = PBXBuildFile; fileRef = 3EEE20A51C06DA9300765BAC /* furry.jpg */; };
/* End PBXBuildFile section */

/* Begin PBXFileReference section */
		3EEE208F1C06743600765BAC /* FurrySketch.app */ = {isa = PBXFileReference; explicitFileType = wrapper.application; includeInIndex = 0; path = FurrySketch.app; sourceTree = BUILT_PRODUCTS_DIR; };
		3EEE20921C06743600765BAC /* AppDelegate.swift */ = {isa = PBXFileReference; lastKnownFileType = sourcecode.swift; path = AppDelegate.swift; sourceTree = "<group>"; };
		3EEE20941C06743600765BAC /* ViewController.swift */ = {isa = PBXFileReference; lastKnownFileType = sourcecode.swift; path = ViewController.swift; sourceTree = "<group>"; };
		3EEE20971C06743600765BAC /* Base */ = {isa = PBXFileReference; lastKnownFileType = file.storyboard; name = Base; path = Base.lproj/Main.storyboard; sourceTree = "<group>"; };
		3EEE20991C06743600765BAC /* Assets.xcassets */ = {isa = PBXFileReference; lastKnownFileType = folder.assetcatalog; path = Assets.xcassets; sourceTree = "<group>"; };
		3EEE209C1C06743600765BAC /* Base */ = {isa = PBXFileReference; lastKnownFileType = file.storyboard; name = Base; path = Base.lproj/LaunchScreen.storyboard; sourceTree = "<group>"; };
		3EEE209E1C06743600765BAC /* Info.plist */ = {isa = PBXFileReference; lastKnownFileType = text.plist.xml; path = Info.plist; sourceTree = "<group>"; };
		3EEE20A51C06DA9300765BAC /* furry.jpg */ = {isa = PBXFileReference; lastKnownFileType = image.jpeg; name = furry.jpg; path = assets/furry.jpg; sourceTree = "<group>"; };
/* End PBXFileReference section */

/* Begin PBXFrameworksBuildPhase section */
		3EEE208C1C06743600765BAC /* Frameworks */ = {
			isa = PBXFrameworksBuildPhase;
			buildActionMask = 2147483647;
			files = (
			);
			runOnlyForDeploymentPostprocessing = 0;
		};
/* End PBXFrameworksBuildPhase section */

/* Begin PBXGroup section */
		3EEE20861C06743600765BAC = {
			isa = PBXGroup;
			children = (
				3EEE20911C06743600765BAC /* FurrySketch */,
				3EEE20901C06743600765BAC /* Products */,
			);
			sourceTree = "<group>";
		};
		3EEE20901C06743600765BAC /* Products */ = {
			isa = PBXGroup;
			children = (
				3EEE208F1C06743600765BAC /* FurrySketch.app */,
			);
			name = Products;
			sourceTree = "<group>";
		};
		3EEE20911C06743600765BAC /* FurrySketch */ = {
			isa = PBXGroup;
			children = (
				3EEE20A41C06DA7D00765BAC /* assets */,
				3EEE20921C06743600765BAC /* AppDelegate.swift */,
				3EEE20941C06743600765BAC /* ViewController.swift */,
				3EEE20961C06743600765BAC /* Main.storyboard */,
				3EEE20991C06743600765BAC /* Assets.xcassets */,
				3EEE209B1C06743600765BAC /* LaunchScreen.storyboard */,
				3EEE209E1C06743600765BAC /* Info.plist */,
			);
			path = FurrySketch;
			sourceTree = "<group>";
		};
		3EEE20A41C06DA7D00765BAC /* assets */ = {
			isa = PBXGroup;
			children = (
				3EEE20A51C06DA9300765BAC /* furry.jpg */,
			);
			name = assets;
			sourceTree = "<group>";
		};
/* End PBXGroup section */

/* Begin PBXNativeTarget section */
		3EEE208E1C06743600765BAC /* FurrySketch */ = {
			isa = PBXNativeTarget;
			buildConfigurationList = 3EEE20A11C06743600765BAC /* Build configuration list for PBXNativeTarget "FurrySketch" */;
			buildPhases = (
				3EEE208B1C06743600765BAC /* Sources */,
				3EEE208C1C06743600765BAC /* Frameworks */,
				3EEE208D1C06743600765BAC /* Resources */,
			);
			buildRules = (
			);
			dependencies = (
			);
			name = FurrySketch;
			productName = FurrySketch;
			productReference = 3EEE208F1C06743600765BAC /* FurrySketch.app */;
			productType = "com.apple.product-type.application";
		};
/* End PBXNativeTarget section */

/* Begin PBXProject section */
		3EEE20871C06743600765BAC /* Project object */ = {
			isa = PBXProject;
			attributes = {
				LastSwiftUpdateCheck = 0710;
				LastUpgradeCheck = 0710;
				ORGANIZATIONNAME = "Simon Gladman";
				TargetAttributes = {
					3EEE208E1C06743600765BAC = {
						CreatedOnToolsVersion = 7.1.1;
					};
				};
			};
			buildConfigurationList = 3EEE208A1C06743600765BAC /* Build configuration list for PBXProject "FurrySketch" */;
			compatibilityVersion = "Xcode 3.2";
			developmentRegion = English;
			hasScannedForEncodings = 0;
			knownRegions = (
				en,
				Base,
			);
			mainGroup = 3EEE20861C06743600765BAC;
			productRefGroup = 3EEE20901C06743600765BAC /* Products */;
			projectDirPath = "";
			projectRoot = "";
			targets = (
				3EEE208E1C06743600765BAC /* FurrySketch */,
			);
		};
/* End PBXProject section */

/* Begin PBXResourcesBuildPhase section */
		3EEE208D1C06743600765BAC /* Resources */ = {
			isa = PBXResourcesBuildPhase;
			buildActionMask = 2147483647;
			files = (
				3EEE20A61C06DA9300765BAC /* furry.jpg in Resources */,
				3EEE209D1C06743600765BAC /* LaunchScreen.storyboard in Resources */,
				3EEE209A1C06743600765BAC /* Assets.xcassets in Resources */,
				3EEE20981C06743600765BAC /* Main.storyboard in Resources */,
			);
			runOnlyForDeploymentPostprocessing = 0;
		};
/* End PBXResourcesBuildPhase section */

/* Begin PBXSourcesBuildPhase section */
		3EEE208B1C06743600765BAC /* Sources */ = {
			isa = PBXSourcesBuildPhase;
			buildActionMask = 2147483647;
			files = (
				3EEE20951C06743600765BAC /* ViewController.swift in Sources */,
				3EEE20931C06743600765BAC /* AppDelegate.swift in Sources */,
			);
			runOnlyForDeploymentPostprocessing = 0;
		};
/* End PBXSourcesBuildPhase section */

/* Begin PBXVariantGroup section */
		3EEE20961C06743600765BAC /* Main.storyboard */ = {
			isa = PBXVariantGroup;
			children = (
				3EEE20971C06743600765BAC /* Base */,
			);
			name = Main.storyboard;
			sourceTree = "<group>";
		};
		3EEE209B1C06743600765BAC /* LaunchScreen.storyboard */ = {
			isa = PBXVariantGroup;
			children = (
				3EEE209C1C06743600765BAC /* Base */,
			);
			name = LaunchScreen.storyboard;
			sourceTree = "<group>";
		};
/* End PBXVariantGroup section */

/* Begin XCBuildConfiguration section */
		3EEE209F1C06743600765BAC /* Debug */ = {
			isa = XCBuildConfiguration;
			buildSettings = {
				ALWAYS_SEARCH_USER_PATHS = NO;
				CLANG_CXX_LANGUAGE_STANDARD = "gnu++0x";
				CLANG_CXX_LIBRARY = "libc++";
				CLANG_ENABLE_MODULES = YES;
				CLANG_ENABLE_OBJC_ARC = YES;
				CLANG_WARN_BOOL_CONVERSION = YES;
				CLANG_WARN_CONSTANT_CONVERSION = YES;
				CLANG_WARN_DIRECT_OBJC_ISA_USAGE = YES_ERROR;
				CLANG_WARN_EMPTY_BODY = YES;
				CLANG_WARN_ENUM_CONVERSION = YES;
				CLANG_WARN_INT_CONVERSION = YES;
				CLANG_WARN_OBJC_ROOT_CLASS = YES_ERROR;
				CLANG_WARN_UNREACHABLE_CODE = YES;
				CLANG_WARN__DUPLICATE_METHOD_MATCH = YES;
				"CODE_SIGN_IDENTITY[sdk=iphoneos*]" = "iPhone Developer";
				COPY_PHASE_STRIP = NO;
				DEBUG_INFORMATION_FORMAT = dwarf;
				ENABLE_STRICT_OBJC_MSGSEND = YES;
				ENABLE_TESTABILITY = YES;
				GCC_C_LANGUAGE_STANDARD = gnu99;
				GCC_DYNAMIC_NO_PIC = NO;
				GCC_NO_COMMON_BLOCKS = YES;
				GCC_OPTIMIZATION_LEVEL = 0;
				GCC_PREPROCESSOR_DEFINITIONS = (
					"DEBUG=1",
					"$(inherited)",
				);
				GCC_WARN_64_TO_32_BIT_CONVERSION = YES;
				GCC_WARN_ABOUT_RETURN_TYPE = YES_ERROR;
				GCC_WARN_UNDECLARED_SELECTOR = YES;
				GCC_WARN_UNINITIALIZED_AUTOS = YES_AGGRESSIVE;
				GCC_WARN_UNUSED_FUNCTION = YES;
				GCC_WARN_UNUSED_VARIABLE = YES;
				IPHONEOS_DEPLOYMENT_TARGET = 9.1;
				MTL_ENABLE_DEBUG_INFO = YES;
				ONLY_ACTIVE_ARCH = YES;
				SDKROOT = iphoneos;
				SWIFT_OPTIMIZATION_LEVEL = "-Onone";
				TARGETED_DEVICE_FAMILY = 2;
			};
			name = Debug;
		};
		3EEE20A01C06743600765BAC /* Release */ = {
			isa = XCBuildConfiguration;
			buildSettings = {
				ALWAYS_SEARCH_USER_PATHS = NO;
				CLANG_CXX_LANGUAGE_STANDARD = "gnu++0x";
				CLANG_CXX_LIBRARY = "libc++";
				CLANG_ENABLE_MODULES = YES;
				CLANG_ENABLE_OBJC_ARC = YES;
				CLANG_WARN_BOOL_CONVERSION = YES;
				CLANG_WARN_CONSTANT_CONVERSION = YES;
				CLANG_WARN_DIRECT_OBJC_ISA_USAGE = YES_ERROR;
				CLANG_WARN_EMPTY_BODY = YES;
				CLANG_WARN_ENUM_CONVERSION = YES;
				CLANG_WARN_INT_CONVERSION = YES;
				CLANG_WARN_OBJC_ROOT_CLASS = YES_ERROR;
				CLANG_WARN_UNREACHABLE_CODE = YES;
				CLANG_WARN__DUPLICATE_METHOD_MATCH = YES;
				"CODE_SIGN_IDENTITY[sdk=iphoneos*]" = "iPhone Developer";
				COPY_PHASE_STRIP = NO;
				DEBUG_INFORMATION_FORMAT = "dwarf-with-dsym";
				ENABLE_NS_ASSERTIONS = NO;
				ENABLE_STRICT_OBJC_MSGSEND = YES;
				GCC_C_LANGUAGE_STANDARD = gnu99;
				GCC_NO_COMMON_BLOCKS = YES;
				GCC_WARN_64_TO_32_BIT_CONVERSION = YES;
				GCC_WARN_ABOUT_RETURN_TYPE = YES_ERROR;
				GCC_WARN_UNDECLARED_SELECTOR = YES;
				GCC_WARN_UNINITIALIZED_AUTOS = YES_AGGRESSIVE;
				GCC_WARN_UNUSED_FUNCTION = YES;
				GCC_WARN_UNUSED_VARIABLE = YES;
				IPHONEOS_DEPLOYMENT_TARGET = 9.1;
				MTL_ENABLE_DEBUG_INFO = NO;
				SDKROOT = iphoneos;
				TARGETED_DEVICE_FAMILY = 2;
				VALIDATE_PRODUCT = YES;
			};
			name = Release;
		};
		3EEE20A21C06743600765BAC /* Debug */ = {
			isa = XCBuildConfiguration;
			buildSettings = {
				ASSETCATALOG_COMPILER_APPICON_NAME = AppIcon;
				INFOPLIST_FILE = FurrySketch/Info.plist;
				LD_RUNPATH_SEARCH_PATHS = "$(inherited) @executable_path/Frameworks";
				PRODUCT_BUNDLE_IDENTIFIER = uk.co.flexmonkey.FurrySketch;
				PRODUCT_NAME = "$(TARGET_NAME)";
			};
			name = Debug;
		};
		3EEE20A31C06743600765BAC /* Release */ = {
			isa = XCBuildConfiguration;
			buildSettings = {
				ASSETCATALOG_COMPILER_APPICON_NAME = AppIcon;
				INFOPLIST_FILE = FurrySketch/Info.plist;
				LD_RUNPATH_SEARCH_PATHS = "$(inherited) @executable_path/Frameworks";
				PRODUCT_BUNDLE_IDENTIFIER = uk.co.flexmonkey.FurrySketch;
				PRODUCT_NAME = "$(TARGET_NAME)";
			};
			name = Release;
		};
/* End XCBuildConfiguration section */

/* Begin XCConfigurationList section */
		3EEE208A1C06743600765BAC /* Build configuration list for PBXProject "FurrySketch" */ = {
			isa = XCConfigurationList;
			buildConfigurations = (
				3EEE209F1C06743600765BAC /* Debug */,
				3EEE20A01C06743600765BAC /* Release */,
			);
			defaultConfigurationIsVisible = 0;
			defaultConfigurationName = Release;
		};
		3EEE20A11C06743600765BAC /* Build configuration list for PBXNativeTarget "FurrySketch" */ = {
			isa = XCConfigurationList;
			buildConfigurations = (
				3EEE20A21C06743600765BAC /* Debug */,
				3EEE20A31C06743600765BAC /* Release */,
			);
			defaultConfigurationIsVisible = 0;
		};
/* End XCConfigurationList section */
	};
	rootObject = 3EEE20871C06743600765BAC /* Project object */;
}
